
Microsoft Visual Studio Solution File, Format Version 12.00
# Visual Studio 15
Project("{FAE04EC0-301F-11D3-BF4B-00C04F79EFBC}") = "Watson", "Dotnet2.1-Watson\Dotnet2.1-Watson.csproj", "{A3CFE5E0-D45F-4D6A-9782-85601BC804E4}"
EndProject
Global
	GlobalSection(SolutionConfigurationPlatforms) = preSolution
		Debug|Any CPU = Debug|Any CPU
		Release|Any CPU = Release|Any CPU
	EndGlobalSection
	GlobalSection(ProjectConfigurationPlatforms) = postSolution
		{A3CFE5E0-D45F-4D6A-9782-85601BC804E4}.Debug|Any CPU.ActiveCfg = Debug|Any CPU
		{A3CFE5E0-D45F-4D6A-9782-85601BC804E4}.Debug|Any CPU.Build.0 = Debug|Any CPU
		{A3CFE5E0-D45F-4D6A-9782-85601BC804E4}.Release|Any CPU.ActiveCfg = Release|Any CPU
		{A3CFE5E0-D45F-4D6A-9782-85601BC804E4}.Release|Any CPU.Build.0 = Release|Any CPU
	EndGlobalSection
EndGlobal
